
Microsoft Visual Studio Solution File, Format Version 12.00
Project("{FAE04EC0-301F-11D3-BF4B-00C04F79EFBC}") = "Działajwkońcuuuuuuuuuuu", "Działajwkońcuuuuuuuuuuu\Działajwkońcuuuuuuuuuuu.csproj", "{1DAE44C1-38E8-4E65-BFD8-DA78444BF73A}"
EndProject
Global
	GlobalSection(SolutionConfigurationPlatforms) = preSolution
		Debug|Any CPU = Debug|Any CPU
		Release|Any CPU = Release|Any CPU
	EndGlobalSection
	GlobalSection(ProjectConfigurationPlatforms) = postSolution
		{1DAE44C1-38E8-4E65-BFD8-DA78444BF73A}.Debug|Any CPU.ActiveCfg = Debug|Any CPU
		{1DAE44C1-38E8-4E65-BFD8-DA78444BF73A}.Debug|Any CPU.Build.0 = Debug|Any CPU
		{1DAE44C1-38E8-4E65-BFD8-DA78444BF73A}.Release|Any CPU.ActiveCfg = Release|Any CPU
		{1DAE44C1-38E8-4E65-BFD8-DA78444BF73A}.Release|Any CPU.Build.0 = Release|Any CPU
	EndGlobalSection
EndGlobal
